Microsoft Visual Studio Solution File, Format Version 12.00
# Visual Studio Version 17
VisualStudioVersion = 17.5.2.0
MinimumVisualStudioVersion = 10.0.40219.1
Project("{FAE04EC0-301F-11D3-BF4B-00C04F79EFBC}") = "MediaTekDocuments", "MediaTekDocuments.csproj", "{6BACE5D6-727D-98DE-737D-8146F82BAE75}"
EndProject
Global
	GlobalSection(SolutionConfigurationPlatforms) = preSolution
		Debug|Any CPU = Debug|Any CPU
		Release|Any CPU = Release|Any CPU
	EndGlobalSection
	GlobalSection(ProjectConfigurationPlatforms) = postSolution
		{6BACE5D6-727D-98DE-737D-8146F82BAE75}.Debug|Any CPU.ActiveCfg = Debug|Any CPU
		{6BACE5D6-727D-98DE-737D-8146F82BAE75}.Debug|Any CPU.Build.0 = Debug|Any CPU
		{6BACE5D6-727D-98DE-737D-8146F82BAE75}.Release|Any CPU.ActiveCfg = Release|Any CPU
		{6BACE5D6-727D-98DE-737D-8146F82BAE75}.Release|Any CPU.Build.0 = Release|Any CPU
	EndGlobalSection
	GlobalSection(SolutionProperties) = preSolution
		HideSolutionNode = FALSE
	EndGlobalSection
	GlobalSection(ExtensibilityGlobals) = postSolution
		SolutionGuid = {23C6BE1D-327A-473A-ADEB-7EEE659774FA}
	EndGlobalSection
EndGlobal
